# THIS IS AN AUTOGENERATED FILE. DO NOT EDIT THIS FILE DIRECTLY.
# yarn lockfile v1


"@redis/bloom@1.1.0":
  version "1.1.0"
  resolved "https://registry.yarnpkg.com/@redis/bloom/-/bloom-1.1.0.tgz#64e310ddee72010676e14296076329e594a1f6c7"
  integrity sha512-9QovlxmpRtvxVbN0UBcv8WfdSMudNZZTFqCsnBszcQXqaZb/TVe30ScgGEO7u1EAIacTPAo7/oCYjYAxiHLanQ==

"@redis/client@1.4.2":
  version "1.4.2"
  resolved "https://registry.yarnpkg.com/@redis/client/-/client-1.4.2.tgz#2a3f5e98bc33b7b979390442e6e08f96e57fabdd"
  integrity sha512-oUdEjE0I7JS5AyaAjkD3aOXn9NhO7XKyPyXEyrgFDu++VrVBHUPnV6dgEya9TcMuj5nIJRuCzCm8ZP+c9zCHPw==
  dependencies:
    cluster-key-slot "1.1.1"
    generic-pool "3.9.0"
    yallist "4.0.0"

"@redis/graph@1.1.0":
  version "1.1.0"
  resolved "https://registry.yarnpkg.com/@redis/graph/-/graph-1.1.0.tgz#cc2b82e5141a29ada2cce7d267a6b74baa6dd519"
  integrity sha512-16yZWngxyXPd+MJxeSr0dqh2AIOi8j9yXKcKCwVaKDbH3HTuETpDVPcLujhFYVPtYrngSco31BUcSa9TH31Gqg==

"@redis/json@1.0.4":
  version "1.0.4"
  resolved "https://registry.yarnpkg.com/@redis/json/-/json-1.0.4.tgz#f372b5f93324e6ffb7f16aadcbcb4e5c3d39bda1"
  integrity sha512-LUZE2Gdrhg0Rx7AN+cZkb1e6HjoSKaeeW8rYnt89Tly13GBI5eP4CwDVr+MY8BAYfCg4/N15OUrtLoona9uSgw==

"@redis/search@1.1.0":
  version "1.1.0"
  resolved "https://registry.yarnpkg.com/@redis/search/-/search-1.1.0.tgz#7abb18d431f27ceafe6bcb4dd83a3fa67e9ab4df"
  integrity sha512-NyFZEVnxIJEybpy+YskjgOJRNsfTYqaPbK/Buv6W2kmFNaRk85JiqjJZA5QkRmWvGbyQYwoO5QfDi2wHskKrQQ==

"@redis/time-series@1.0.4":
  version "1.0.4"
  resolved "https://registry.yarnpkg.com/@redis/time-series/-/time-series-1.0.4.tgz#af85eb080f6934580e4d3b58046026b6c2b18717"
  integrity sha512-ThUIgo2U/g7cCuZavucQTQzA9g9JbDDY2f64u3AbAoz/8vE2lt2U37LamDUVChhaDA3IRT9R6VvJwqnUfTJzng==

claygl@^1.2.1:
  version "1.3.0"
  resolved "https://registry.yarnpkg.com/claygl/-/claygl-1.3.0.tgz#7a6e2903210519ac358848f5d78070ed211685f3"
  integrity sha512-+gGtJjT6SSHD2l2yC3MCubW/sCV40tZuSs5opdtn79vFSGUgp/lH139RNEQ6Jy078/L0aV8odCw8RSrUcMfLaQ==

cluster-key-slot@1.1.1:
  version "1.1.1"
  resolved "https://registry.yarnpkg.com/cluster-key-slot/-/cluster-key-slot-1.1.1.tgz#10ccb9ded0729464b6d2e7d714b100a2d1259d43"
  integrity sha512-rwHwUfXL40Chm1r08yrhU3qpUvdVlgkKNeyeGPOxnW8/SyVDvgRaed/Uz54AqWNaTCAThlj6QAs3TZcKI0xDEw==

echarts-gl@^2.0.9:
  version "2.0.9"
  resolved "https://registry.yarnpkg.com/echarts-gl/-/echarts-gl-2.0.9.tgz#ee228a6c7520a6fb7bbb71ea94394f3637ade033"
  integrity sha512-oKeMdkkkpJGWOzjgZUsF41DOh6cMsyrGGXimbjK2l6Xeq/dBQu4ShG2w2Dzrs/1bD27b2pLTGSaUzouY191gzA==
  dependencies:
    claygl "^1.2.1"
    zrender "^5.1.1"

echarts@^5.4.1:
  version "5.4.1"
  resolved "https://registry.yarnpkg.com/echarts/-/echarts-5.4.1.tgz#d7f65a584d78beff62568d878b16151b3381811c"
  integrity sha512-9ltS3M2JB0w2EhcYjCdmtrJ+6haZcW6acBolMGIuf01Hql1yrIV01L1aRj7jsaaIULJslEP9Z3vKlEmnJaWJVQ==
  dependencies:
    tslib "2.3.0"
    zrender "5.4.1"

generic-pool@3.9.0:
  version "3.9.0"
  resolved "https://registry.yarnpkg.com/generic-pool/-/generic-pool-3.9.0.tgz#36f4a678e963f4fdb8707eab050823abc4e8f5e4"
  integrity sha512-hymDOu5B53XvN4QT9dBmZxPX4CWhBPPLguTZ9MMFeFa/Kg0xWVfylOVNlJji/E7yTZWFd/q9GO5TxDLq156D7g==

net@^1.0.2:
  version "1.0.2"
  resolved "https://registry.yarnpkg.com/net/-/net-1.0.2.tgz#d1757ec9a7fb2371d83cf4755ce3e27e10829388"
  integrity sha512-kbhcj2SVVR4caaVnGLJKmlk2+f+oLkjqdKeQlmUtz6nGzOpbcobwVIeSURNgraV/v3tlmGIX82OcPCl0K6RbHQ==

redis@^4.5.1:
  version "4.5.1"
  resolved "https://registry.yarnpkg.com/redis/-/redis-4.5.1.tgz#f5a818970bb2dc5d60540bab41308640604c7d33"
  integrity sha512-oxXSoIqMJCQVBTfxP6BNTCtDMyh9G6Vi5wjdPdV/sRKkufyZslDqCScSGcOr6XGR/reAWZefz7E4leM31RgdBA==
  dependencies:
    "@redis/bloom" "1.1.0"
    "@redis/client" "1.4.2"
    "@redis/graph" "1.1.0"
    "@redis/json" "1.0.4"
    "@redis/search" "1.1.0"
    "@redis/time-series" "1.0.4"

tls@^0.0.1:
  version "0.0.1"
  resolved "https://registry.yarnpkg.com/tls/-/tls-0.0.1.tgz#0ab2bf5968d71df2f8c0e1515d24a2240b98aac8"
  integrity sha512-GzHpG+hwupY8VMR6rYsnAhTHqT/97zT45PG8WD5eTT1lq+dFE0nN+1PYpsoBcHJgSmTz5ceK2Cv88IkPmIPOtQ==

tslib@2.3.0:
  version "2.3.0"
  resolved "https://registry.yarnpkg.com/tslib/-/tslib-2.3.0.tgz#803b8cdab3e12ba581a4ca41c8839bbb0dacb09e"
  integrity sha512-N82ooyxVNm6h1riLCoyS9e3fuJ3AMG2zIZs2Gd1ATcSFjSA23Q0fzjjZeh0jbJvWVDZ0cJT8yaNNaaXHzueNjg==

yallist@4.0.0:
  version "4.0.0"
  resolved "https://registry.yarnpkg.com/yallist/-/yallist-4.0.0.tgz#9bb92790d9c0effec63be73519e11a35019a3a72"
  integrity sha512-3wdGidZyq5PB084XLES5TpOSRA3wjXAlIWMhum2kRcv/41Sn2emQ0dycQW4uZXLejwKvg6EsvbdlVL+FYEct7A==

zrender@5.4.1, zrender@^5.1.1:
  version "5.4.1"
  resolved "https://registry.yarnpkg.com/zrender/-/zrender-5.4.1.tgz#892f864b885c71e1dc25dcb3c7a4ba42678d3f11"
  integrity sha512-M4Z05BHWtajY2241EmMPHglDQAJ1UyHQcYsxDNzD9XLSkPDqMq4bB28v9Pb4mvHnVQ0GxyTklZ/69xCFP6RXBA==
  dependencies:
    tslib "2.3.0"
