# THIS IS AN AUTOGENERATED FILE. DO NOT EDIT THIS FILE DIRECTLY.
# yarn lockfile v1


echarts@^5.4.1:
  version "5.4.1"
  resolved "https://registry.yarnpkg.com/echarts/-/echarts-5.4.1.tgz#d7f65a584d78beff62568d878b16151b3381811c"
  integrity sha512-9ltS3M2JB0w2EhcYjCdmtrJ+6haZcW6acBolMGIuf01Hql1yrIV01L1aRj7jsaaIULJslEP9Z3vKlEmnJaWJVQ==
  dependencies:
    tslib "2.3.0"
    zrender "5.4.1"

tslib@2.3.0:
  version "2.3.0"
  resolved "https://registry.yarnpkg.com/tslib/-/tslib-2.3.0.tgz#803b8cdab3e12ba581a4ca41c8839bbb0dacb09e"
  integrity sha512-N82ooyxVNm6h1riLCoyS9e3fuJ3AMG2zIZs2Gd1ATcSFjSA23Q0fzjjZeh0jbJvWVDZ0cJT8yaNNaaXHzueNjg==

zrender@5.4.1:
  version "5.4.1"
  resolved "https://registry.yarnpkg.com/zrender/-/zrender-5.4.1.tgz#892f864b885c71e1dc25dcb3c7a4ba42678d3f11"
  integrity sha512-M4Z05BHWtajY2241EmMPHglDQAJ1UyHQcYsxDNzD9XLSkPDqMq4bB28v9Pb4mvHnVQ0GxyTklZ/69xCFP6RXBA==
  dependencies:
    tslib "2.3.0"
